
Microsoft Visual Studio Solution File, Format Version 12.00
# Visual Studio Version 17
VisualStudioVersion = 17.5.002.0
MinimumVisualStudioVersion = 10.0.40219.1
Project("{9A19103F-16F7-4668-BE54-9A1E7A4F7556}") = "learn_dotnet", "learn_dotnet.csproj", "{95E7E703-07A0-4736-985D-E956FAC6823E}"
EndProject
Global
	GlobalSection(SolutionConfigurationPlatforms) = preSolution
		Debug|Any CPU = Debug|Any CPU
		Release|Any CPU = Release|Any CPU
	EndGlobalSection
	GlobalSection(ProjectConfigurationPlatforms) = postSolution
		{95E7E703-07A0-4736-985D-E956FAC6823E}.Debug|Any CPU.ActiveCfg = Debug|Any CPU
		{95E7E703-07A0-4736-985D-E956FAC6823E}.Debug|Any CPU.Build.0 = Debug|Any CPU
		{95E7E703-07A0-4736-985D-E956FAC6823E}.Release|Any CPU.ActiveCfg = Release|Any CPU
		{95E7E703-07A0-4736-985D-E956FAC6823E}.Release|Any CPU.Build.0 = Release|Any CPU
	EndGlobalSection
	GlobalSection(SolutionProperties) = preSolution
		HideSolutionNode = FALSE
	EndGlobalSection
	GlobalSection(ExtensibilityGlobals) = postSolution
		SolutionGuid = {63C1EECE-8401-4703-8650-AEC9E82D539F}
	EndGlobalSection
EndGlobal
